
Microsoft Visual Studio Solution File, Format Version 12.00
# Visual Studio Version 17
VisualStudioVersion = 17.13.35931.197
MinimumVisualStudioVersion = 10.0.40219.1
Project("{FAE04EC0-301F-11D3-BF4B-00C04F79EFBC}") = "Interface", "Projeto teste\Interface.csproj", "{B60B81D5-7159-46B5-9F29-AFC881B726B9}"
EndProject
Project("{FAE04EC0-301F-11D3-BF4B-00C04F79EFBC}") = "Regras de negócio", "Regras de negócio\Regras de negócio.csproj", "{D08DDC48-95E5-4792-BAAE-261F5C03A581}"
EndProject
Project("{FAE04EC0-301F-11D3-BF4B-00C04F79EFBC}") = "Banco de dados", "Banco de dados\Banco de dados.csproj", "{3BF0F91A-8972-4BE6-8EDB-CD5A6DB16B11}"
EndProject
Project("{FAE04EC0-301F-11D3-BF4B-00C04F79EFBC}") = "Entidades", "Entidades\Entidades.csproj", "{FBF0E2DF-F26F-421C-B2AB-8296DD3BED33}"
EndProject
Project("{2150E333-8FDC-42A3-9474-1A3956D46DE8}") = "Itens de Solução", "Itens de Solução", "{380A7511-A354-6D7A-0CC0-8FA1F1BA7B6C}"
	ProjectSection(SolutionItems) = preProject
		App.config = App.config
	EndProjectSection
EndProject
Global
	GlobalSection(SolutionConfigurationPlatforms) = preSolution
		Debug|Any CPU = Debug|Any CPU
		Release|Any CPU = Release|Any CPU
	EndGlobalSection
	GlobalSection(ProjectConfigurationPlatforms) = postSolution
		{B60B81D5-7159-46B5-9F29-AFC881B726B9}.Debug|Any CPU.ActiveCfg = Debug|Any CPU
		{B60B81D5-7159-46B5-9F29-AFC881B726B9}.Debug|Any CPU.Build.0 = Debug|Any CPU
		{B60B81D5-7159-46B5-9F29-AFC881B726B9}.Release|Any CPU.ActiveCfg = Release|Any CPU
		{B60B81D5-7159-46B5-9F29-AFC881B726B9}.Release|Any CPU.Build.0 = Release|Any CPU
		{D08DDC48-95E5-4792-BAAE-261F5C03A581}.Debug|Any CPU.ActiveCfg = Debug|Any CPU
		{D08DDC48-95E5-4792-BAAE-261F5C03A581}.Debug|Any CPU.Build.0 = Debug|Any CPU
		{D08DDC48-95E5-4792-BAAE-261F5C03A581}.Release|Any CPU.ActiveCfg = Release|Any CPU
		{D08DDC48-95E5-4792-BAAE-261F5C03A581}.Release|Any CPU.Build.0 = Release|Any CPU
		{3BF0F91A-8972-4BE6-8EDB-CD5A6DB16B11}.Debug|Any CPU.ActiveCfg = Debug|Any CPU
		{3BF0F91A-8972-4BE6-8EDB-CD5A6DB16B11}.Debug|Any CPU.Build.0 = Debug|Any CPU
		{3BF0F91A-8972-4BE6-8EDB-CD5A6DB16B11}.Release|Any CPU.ActiveCfg = Release|Any CPU
		{3BF0F91A-8972-4BE6-8EDB-CD5A6DB16B11}.Release|Any CPU.Build.0 = Release|Any CPU
		{FBF0E2DF-F26F-421C-B2AB-8296DD3BED33}.Debug|Any CPU.ActiveCfg = Debug|Any CPU
		{FBF0E2DF-F26F-421C-B2AB-8296DD3BED33}.Debug|Any CPU.Build.0 = Debug|Any CPU
		{FBF0E2DF-F26F-421C-B2AB-8296DD3BED33}.Release|Any CPU.ActiveCfg = Release|Any CPU
		{FBF0E2DF-F26F-421C-B2AB-8296DD3BED33}.Release|Any CPU.Build.0 = Release|Any CPU
	EndGlobalSection
	GlobalSection(SolutionProperties) = preSolution
		HideSolutionNode = FALSE
	EndGlobalSection
	GlobalSection(ExtensibilityGlobals) = postSolution
		SolutionGuid = {3B959FEF-18FA-4EE5-8FFA-B62BFDA333A0}
	EndGlobalSection
EndGlobal
